
Microsoft Visual Studio Solution File, Format Version 12.00
# Visual Studio Version 17
VisualStudioVersion = 17.6.33829.357
MinimumVisualStudioVersion = 10.0.40219.1
Project("{2150E333-8FDC-42A3-9474-1A3956D46DE8}") = "BankAPI", "BankAPI", "{05D45B2C-B9F0-42AF-8CF1-235ACACF3FB5}"
EndProject
Project("{9A19103F-16F7-4668-BE54-9A1E7A4F7556}") = "BankAPI", "BankAPI\BankAPI.csproj", "{383AB7E7-DB59-4830-89E0-2978FCB4B0E6}"
EndProject
Project("{2150E333-8FDC-42A3-9474-1A3956D46DE8}") = "Entities", "Entities", "{F952F5AB-4A15-4F72-A6FD-95A5B057AEE2}"
EndProject
Project("{9A19103F-16F7-4668-BE54-9A1E7A4F7556}") = "Entities", "Entities\Entities.csproj", "{FD847A93-8FCB-41D9-8EFC-757D6DA7BCCE}"
EndProject
Project("{2150E333-8FDC-42A3-9474-1A3956D46DE8}") = "Repository", "Repository", "{99219268-7CC3-4D96-9831-E931788F621A}"
EndProject
Project("{9A19103F-16F7-4668-BE54-9A1E7A4F7556}") = "Repository", "Repository\Repository.csproj", "{45093D54-D84F-429A-BAB1-5A1541906A0E}"
EndProject
Project("{2150E333-8FDC-42A3-9474-1A3956D46DE8}") = "Contracts", "Contracts", "{8FEF9676-BC05-498D-A320-4DCE6F0994C3}"
EndProject
Project("{9A19103F-16F7-4668-BE54-9A1E7A4F7556}") = "Contracts", "Contracts\Contracts.csproj", "{71A91FB5-A569-41CA-AA72-06AA5FEADF34}"
EndProject
Project("{2150E333-8FDC-42A3-9474-1A3956D46DE8}") = "Frontend", "Frontend", "{6931B21F-D8D8-4809-927C-16D596F8B84B}"
EndProject
Global
	GlobalSection(SolutionConfigurationPlatforms) = preSolution
		Debug|Any CPU = Debug|Any CPU
		Release|Any CPU = Release|Any CPU
	EndGlobalSection
	GlobalSection(ProjectConfigurationPlatforms) = postSolution
		{383AB7E7-DB59-4830-89E0-2978FCB4B0E6}.Debug|Any CPU.ActiveCfg = Debug|Any CPU
		{383AB7E7-DB59-4830-89E0-2978FCB4B0E6}.Debug|Any CPU.Build.0 = Debug|Any CPU
		{383AB7E7-DB59-4830-89E0-2978FCB4B0E6}.Release|Any CPU.ActiveCfg = Release|Any CPU
		{383AB7E7-DB59-4830-89E0-2978FCB4B0E6}.Release|Any CPU.Build.0 = Release|Any CPU
		{FD847A93-8FCB-41D9-8EFC-757D6DA7BCCE}.Debug|Any CPU.ActiveCfg = Debug|Any CPU
		{FD847A93-8FCB-41D9-8EFC-757D6DA7BCCE}.Debug|Any CPU.Build.0 = Debug|Any CPU
		{FD847A93-8FCB-41D9-8EFC-757D6DA7BCCE}.Release|Any CPU.ActiveCfg = Release|Any CPU
		{FD847A93-8FCB-41D9-8EFC-757D6DA7BCCE}.Release|Any CPU.Build.0 = Release|Any CPU
		{45093D54-D84F-429A-BAB1-5A1541906A0E}.Debug|Any CPU.ActiveCfg = Debug|Any CPU
		{45093D54-D84F-429A-BAB1-5A1541906A0E}.Debug|Any CPU.Build.0 = Debug|Any CPU
		{45093D54-D84F-429A-BAB1-5A1541906A0E}.Release|Any CPU.ActiveCfg = Release|Any CPU
		{45093D54-D84F-429A-BAB1-5A1541906A0E}.Release|Any CPU.Build.0 = Release|Any CPU
		{71A91FB5-A569-41CA-AA72-06AA5FEADF34}.Debug|Any CPU.ActiveCfg = Debug|Any CPU
		{71A91FB5-A569-41CA-AA72-06AA5FEADF34}.Debug|Any CPU.Build.0 = Debug|Any CPU
		{71A91FB5-A569-41CA-AA72-06AA5FEADF34}.Release|Any CPU.ActiveCfg = Release|Any CPU
		{71A91FB5-A569-41CA-AA72-06AA5FEADF34}.Release|Any CPU.Build.0 = Release|Any CPU
	EndGlobalSection
	GlobalSection(SolutionProperties) = preSolution
		HideSolutionNode = FALSE
	EndGlobalSection
	GlobalSection(NestedProjects) = preSolution
		{383AB7E7-DB59-4830-89E0-2978FCB4B0E6} = {05D45B2C-B9F0-42AF-8CF1-235ACACF3FB5}
		{FD847A93-8FCB-41D9-8EFC-757D6DA7BCCE} = {F952F5AB-4A15-4F72-A6FD-95A5B057AEE2}
		{45093D54-D84F-429A-BAB1-5A1541906A0E} = {99219268-7CC3-4D96-9831-E931788F621A}
		{71A91FB5-A569-41CA-AA72-06AA5FEADF34} = {8FEF9676-BC05-498D-A320-4DCE6F0994C3}
	EndGlobalSection
	GlobalSection(ExtensibilityGlobals) = postSolution
		SolutionGuid = {98CB699E-3DB0-43BF-AE71-458641249068}
	EndGlobalSection
EndGlobal
