
Microsoft Visual Studio Solution File, Format Version 12.00
# Visual Studio Version 17
VisualStudioVersion = 17.6.33829.357
MinimumVisualStudioVersion = 10.0.40219.1
Project("{2150E333-8FDC-42A3-9474-1A3956D46DE8}") = "BankAPI", "BankAPI", "{05D45B2C-B9F0-42AF-8CF1-235ACACF3FB5}"
EndProject
Project("{FAE04EC0-301F-11D3-BF4B-00C04F79EFBC}") = "BankAPI", "BankAPI\BankAPI.csproj", "{383AB7E7-DB59-4830-89E0-2978FCB4B0E6}"
EndProject
Global
	GlobalSection(SolutionConfigurationPlatforms) = preSolution
		Debug|Any CPU = Debug|Any CPU
		Release|Any CPU = Release|Any CPU
	EndGlobalSection
	GlobalSection(ProjectConfigurationPlatforms) = postSolution
		{383AB7E7-DB59-4830-89E0-2978FCB4B0E6}.Debug|Any CPU.ActiveCfg = Debug|Any CPU
		{383AB7E7-DB59-4830-89E0-2978FCB4B0E6}.Debug|Any CPU.Build.0 = Debug|Any CPU
		{383AB7E7-DB59-4830-89E0-2978FCB4B0E6}.Release|Any CPU.ActiveCfg = Release|Any CPU
		{383AB7E7-DB59-4830-89E0-2978FCB4B0E6}.Release|Any CPU.Build.0 = Release|Any CPU
	EndGlobalSection
	GlobalSection(SolutionProperties) = preSolution
		HideSolutionNode = FALSE
	EndGlobalSection
	GlobalSection(NestedProjects) = preSolution
		{383AB7E7-DB59-4830-89E0-2978FCB4B0E6} = {05D45B2C-B9F0-42AF-8CF1-235ACACF3FB5}
	EndGlobalSection
	GlobalSection(ExtensibilityGlobals) = postSolution
		SolutionGuid = {98CB699E-3DB0-43BF-AE71-458641249068}
	EndGlobalSection
EndGlobal
